// !$*UTF8*$!
{
	archiveVersion = 1;
	classes = {
	};
	objectVersion = 50;
	objects = {

/* Begin PBXBuildFile section */
		89FB5033237F2C79007A9C21 /* AppDelegate.swift in Sources */ = {isa = PBXBuildFile; fileRef = 89FB5032237F2C79007A9C21 /* AppDelegate.swift */; };
		89FB5035237F2C79007A9C21 /* SceneDelegate.swift in Sources */ = {isa = PBXBuildFile; fileRef = 89FB5034237F2C79007A9C21 /* SceneDelegate.swift */; };
		89FB5037237F2C79007A9C21 /* ViewController.swift in Sources */ = {isa = PBXBuildFile; fileRef = 89FB5036237F2C79007A9C21 /* ViewController.swift */; };
		89FB503A237F2C79007A9C21 /* Main.storyboard in Resources */ = {isa = PBXBuildFile; fileRef = 89FB5038237F2C79007A9C21 /* Main.storyboard */; };
		89FB503C237F2C7A007A9C21 /* Assets.xcassets in Resources */ = {isa = PBXBuildFile; fileRef = 89FB503B237F2C7A007A9C21 /* Assets.xcassets */; };
		89FB503F237F2C7A007A9C21 /* LaunchScreen.storyboard in Resources */ = {isa = PBXBuildFile; fileRef = 89FB503D237F2C7A007A9C21 /* LaunchScreen.storyboard */; };
/* End PBXBuildFile section */

/* Begin PBXFileReference section */
		89FB502F237F2C79007A9C21 /* WasteReduction.app */ = {isa = PBXFileReference; explicitFileType = wrapper.application; includeInIndex = 0; path = WasteReduction.app; sourceTree = BUILT_PRODUCTS_DIR; };
		89FB5032237F2C79007A9C21 /* AppDelegate.swift */ = {isa = PBXFileReference; lastKnownFileType = sourcecode.swift; path = AppDelegate.swift; sourceTree = "<group>"; };
		89FB5034237F2C79007A9C21 /* SceneDelegate.swift */ = {isa = PBXFileReference; lastKnownFileType = sourcecode.swift; path = SceneDelegate.swift; sourceTree = "<group>"; };
		89FB5036237F2C79007A9C21 /* ViewController.swift */ = {isa = PBXFileReference; lastKnownFileType = sourcecode.swift; path = ViewController.swift; sourceTree = "<group>"; };
		89FB5039237F2C79007A9C21 /* Base */ = {isa = PBXFileReference; lastKnownFileType = file.storyboard; name = Base; path = Base.lproj/Main.storyboard; sourceTree = "<group>"; };
		89FB503B237F2C7A007A9C21 /* Assets.xcassets */ = {isa = PBXFileReference; lastKnownFileType = folder.assetcatalog; path = Assets.xcassets; sourceTree = "<group>"; };
		89FB503E237F2C7A007A9C21 /* Base */ = {isa = PBXFileReference; lastKnownFileType = file.storyboard; name = Base; path = Base.lproj/LaunchScreen.storyboard; sourceTree = "<group>"; };
		89FB5040237F2C7A007A9C21 /* Info.plist */ = {isa = PBXFileReference; lastKnownFileType = text.plist.xml; path = Info.plist; sourceTree = "<group>"; };
/* End PBXFileReference section */

/* Begin PBXFrameworksBuildPhase section */
		89FB502C237F2C79007A9C21 /* Frameworks */ = {
			isa = PBXFrameworksBuildPhase;
			buildActionMask = 2147483647;
			files = (
			);
			runOnlyForDeploymentPostprocessing = 0;
		};
/* End PBXFrameworksBuildPhase section */

/* Begin PBXGroup section */
		89FB5026237F2C79007A9C21 = {
			isa = PBXGroup;
			children = (
				89FB5031237F2C79007A9C21 /* WasteReduction */,
				89FB5030237F2C79007A9C21 /* Products */,
			);
			sourceTree = "<group>";
		};
		89FB5030237F2C79007A9C21 /* Products */ = {
			isa = PBXGroup;
			children = (
				89FB502F237F2C79007A9C21 /* WasteReduction.app */,
			);
			name = Products;
			sourceTree = "<group>";
		};
		89FB5031237F2C79007A9C21 /* WasteReduction */ = {
			isa = PBXGroup;
			children = (
				89FB5032237F2C79007A9C21 /* AppDelegate.swift */,
				89FB5034237F2C79007A9C21 /* SceneDelegate.swift */,
				89FB5036237F2C79007A9C21 /* ViewController.swift */,
				89FB5038237F2C79007A9C21 /* Main.storyboard */,
				89FB503B237F2C7A007A9C21 /* Assets.xcassets */,
				89FB503D237F2C7A007A9C21 /* LaunchScreen.storyboard */,
				89FB5040237F2C7A007A9C21 /* Info.plist */,
			);
			path = WasteReduction;
			sourceTree = "<group>";
		};
/* End PBXGroup section */

/* Begin PBXNativeTarget section */
		89FB502E237F2C79007A9C21 /* WasteReduction */ = {
			isa = PBXNativeTarget;
			buildConfigurationList = 89FB5043237F2C7A007A9C21 /* Build configuration list for PBXNativeTarget "WasteReduction" */;
			buildPhases = (
				89FB502B237F2C79007A9C21 /* Sources */,
				89FB502C237F2C79007A9C21 /* Frameworks */,
				89FB502D237F2C79007A9C21 /* Resources */,
			);
			buildRules = (
			);
			dependencies = (
			);
			name = WasteReduction;
			productName = WasteReduction;
			productReference = 89FB502F237F2C79007A9C21 /* WasteReduction.app */;
			productType = "com.apple.product-type.application";
		};
/* End PBXNativeTarget section */

/* Begin PBXProject section */
		89FB5027237F2C79007A9C21 /* Project object */ = {
			isa = PBXProject;
			attributes = {
				LastSwiftUpdateCheck = 1100;
				LastUpgradeCheck = 1100;
				ORGANIZATIONNAME = Junction;
				TargetAttributes = {
					89FB502E237F2C79007A9C21 = {
						CreatedOnToolsVersion = 11.0;
					};
				};
			};
			buildConfigurationList = 89FB502A237F2C79007A9C21 /* Build configuration list for PBXProject "WasteReduction" */;
			compatibilityVersion = "Xcode 9.3";
			developmentRegion = en;
			hasScannedForEncodings = 0;
			knownRegions = (
				en,
				Base,
			);
			mainGroup = 89FB5026237F2C79007A9C21;
			productRefGroup = 89FB5030237F2C79007A9C21 /* Products */;
			projectDirPath = "";
			projectRoot = "";
			targets = (
				89FB502E237F2C79007A9C21 /* WasteReduction */,
			);
		};
/* End PBXProject section */

/* Begin PBXResourcesBuildPhase section */
		89FB502D237F2C79007A9C21 /* Resources */ = {
			isa = PBXResourcesBuildPhase;
			buildActionMask = 2147483647;
			files = (
				89FB503F237F2C7A007A9C21 /* LaunchScreen.storyboard in Resources */,
				89FB503C237F2C7A007A9C21 /* Assets.xcassets in Resources */,
				89FB503A237F2C79007A9C21 /* Main.storyboard in Resources */,
			);
			runOnlyForDeploymentPostprocessing = 0;
		};
/* End PBXResourcesBuildPhase section */

/* Begin PBXSourcesBuildPhase section */
		89FB502B237F2C79007A9C21 /* Sources */ = {
			isa = PBXSourcesBuildPhase;
			buildActionMask = 2147483647;
			files = (
				89FB5037237F2C79007A9C21 /* ViewController.swift in Sources */,
				89FB5033237F2C79007A9C21 /* AppDelegate.swift in Sources */,
				89FB5035237F2C79007A9C21 /* SceneDelegate.swift in Sources */,
			);
			runOnlyForDeploymentPostprocessing = 0;
		};
/* End PBXSourcesBuildPhase section */

/* Begin PBXVariantGroup section */
		89FB5038237F2C79007A9C21 /* Main.storyboard */ = {
			isa = PBXVariantGroup;
			children = (
				89FB5039237F2C79007A9C21 /* Base */,
			);
			name = Main.storyboard;
			sourceTree = "<group>";
		};
		89FB503D237F2C7A007A9C21 /* LaunchScreen.storyboard */ = {
			isa = PBXVariantGroup;
			children = (
				89FB503E237F2C7A007A9C21 /* Base */,
			);
			name = LaunchScreen.storyboard;
			sourceTree = "<group>";
		};
/* End PBXVariantGroup section */

/* Begin XCBuildConfiguration section */
		89FB5041237F2C7A007A9C21 /* Debug */ = {
			isa = XCBuildConfiguration;
			buildSettings = {
				ALWAYS_SEARCH_USER_PATHS = NO;
				CLANG_ANALYZER_NONNULL = YES;
				CLANG_ANALYZER_NUMBER_OBJECT_CONVERSION = YES_AGGRESSIVE;
				CLANG_CXX_LANGUAGE_STANDARD = "gnu++14";
				CLANG_CXX_LIBRARY = "libc++";
				CLANG_ENABLE_MODULES = YES;
				CLANG_ENABLE_OBJC_ARC = YES;
				CLANG_ENABLE_OBJC_WEAK = YES;
				CLANG_WARN_BLOCK_CAPTURE_AUTORELEASING = YES;
				CLANG_WARN_BOOL_CONVERSION = YES;
				CLANG_WARN_COMMA = YES;
				CLANG_WARN_CONSTANT_CONVERSION = YES;
				CLANG_WARN_DEPRECATED_OBJC_IMPLEMENTATIONS = YES;
				CLANG_WARN_DIRECT_OBJC_ISA_USAGE = YES_ERROR;
				CLANG_WARN_DOCUMENTATION_COMMENTS = YES;
				CLANG_WARN_EMPTY_BODY = YES;
				CLANG_WARN_ENUM_CONVERSION = YES;
				CLANG_WARN_INFINITE_RECURSION = YES;
				CLANG_WARN_INT_CONVERSION = YES;
				CLANG_WARN_NON_LITERAL_NULL_CONVERSION = YES;
				CLANG_WARN_OBJC_IMPLICIT_RETAIN_SELF = YES;
				CLANG_WARN_OBJC_LITERAL_CONVERSION = YES;
				CLANG_WARN_OBJC_ROOT_CLASS = YES_ERROR;
				CLANG_WARN_RANGE_LOOP_ANALYSIS = YES;
				CLANG_WARN_STRICT_PROTOTYPES = YES;
				CLANG_WARN_SUSPICIOUS_MOVE = YES;
				CLANG_WARN_UNGUARDED_AVAILABILITY = YES_AGGRESSIVE;
				CLANG_WARN_UNREACHABLE_CODE = YES;
				CLANG_WARN__DUPLICATE_METHOD_MATCH = YES;
				COPY_PHASE_STRIP = NO;
				DEBUG_INFORMATION_FORMAT = dwarf;
				ENABLE_STRICT_OBJC_MSGSEND = YES;
				ENABLE_TESTABILITY = YES;
				GCC_C_LANGUAGE_STANDARD = gnu11;
				GCC_DYNAMIC_NO_PIC = NO;
				GCC_NO_COMMON_BLOCKS = YES;
				GCC_OPTIMIZATION_LEVEL = 0;
				GCC_PREPROCESSOR_DEFINITIONS = (
					"DEBUG=1",
					"$(inherited)",
				);
				GCC_WARN_64_TO_32_BIT_CONVERSION = YES;
				GCC_WARN_ABOUT_RETURN_TYPE = YES_ERROR;
				GCC_WARN_UNDECLARED_SELECTOR = YES;
				GCC_WARN_UNINITIALIZED_AUTOS = YES_AGGRESSIVE;
				GCC_WARN_UNUSED_FUNCTION = YES;
				GCC_WARN_UNUSED_VARIABLE = YES;
				IPHONEOS_DEPLOYMENT_TARGET = 13.0;
				MTL_ENABLE_DEBUG_INFO = INCLUDE_SOURCE;
				MTL_FAST_MATH = YES;
				ONLY_ACTIVE_ARCH = YES;
				SDKROOT = iphoneos;
				SWIFT_ACTIVE_COMPILATION_CONDITIONS = DEBUG;
				SWIFT_OPTIMIZATION_LEVEL = "-Onone";
			};
			name = Debug;
		};
		89FB5042237F2C7A007A9C21 /* Release */ = {
			isa = XCBuildConfiguration;
			buildSettings = {
				ALWAYS_SEARCH_USER_PATHS = NO;
				CLANG_ANALYZER_NONNULL = YES;
				CLANG_ANALYZER_NUMBER_OBJECT_CONVERSION = YES_AGGRESSIVE;
				CLANG_CXX_LANGUAGE_STANDARD = "gnu++14";
				CLANG_CXX_LIBRARY = "libc++";
				CLANG_ENABLE_MODULES = YES;
				CLANG_ENABLE_OBJC_ARC = YES;
				CLANG_ENABLE_OBJC_WEAK = YES;
				CLANG_WARN_BLOCK_CAPTURE_AUTORELEASING = YES;
				CLANG_WARN_BOOL_CONVERSION = YES;
				CLANG_WARN_COMMA = YES;
				CLANG_WARN_CONSTANT_CONVERSION = YES;
				CLANG_WARN_DEPRECATED_OBJC_IMPLEMENTATIONS = YES;
				CLANG_WARN_DIRECT_OBJC_ISA_USAGE = YES_ERROR;
				CLANG_WARN_DOCUMENTATION_COMMENTS = YES;
				CLANG_WARN_EMPTY_BODY = YES;
				CLANG_WARN_ENUM_CONVERSION = YES;
				CLANG_WARN_INFINITE_RECURSION = YES;
				CLANG_WARN_INT_CONVERSION = YES;
				CLANG_WARN_NON_LITERAL_NULL_CONVERSION = YES;
				CLANG_WARN_OBJC_IMPLICIT_RETAIN_SELF = YES;
				CLANG_WARN_OBJC_LITERAL_CONVERSION = YES;
				CLANG_WARN_OBJC_ROOT_CLASS = YES_ERROR;
				CLANG_WARN_RANGE_LOOP_ANALYSIS = YES;
				CLANG_WARN_STRICT_PROTOTYPES = YES;
				CLANG_WARN_SUSPICIOUS_MOVE = YES;
				CLANG_WARN_UNGUARDED_AVAILABILITY = YES_AGGRESSIVE;
				CLANG_WARN_UNREACHABLE_CODE = YES;
				CLANG_WARN__DUPLICATE_METHOD_MATCH = YES;
				COPY_PHASE_STRIP = NO;
				DEBUG_INFORMATION_FORMAT = "dwarf-with-dsym";
				ENABLE_NS_ASSERTIONS = NO;
				ENABLE_STRICT_OBJC_MSGSEND = YES;
				GCC_C_LANGUAGE_STANDARD = gnu11;
				GCC_NO_COMMON_BLOCKS = YES;
				GCC_WARN_64_TO_32_BIT_CONVERSION = YES;
				GCC_WARN_ABOUT_RETURN_TYPE = YES_ERROR;
				GCC_WARN_UNDECLARED_SELECTOR = YES;
				GCC_WARN_UNINITIALIZED_AUTOS = YES_AGGRESSIVE;
				GCC_WARN_UNUSED_FUNCTION = YES;
				GCC_WARN_UNUSED_VARIABLE = YES;
				IPHONEOS_DEPLOYMENT_TARGET = 13.0;
				MTL_ENABLE_DEBUG_INFO = NO;
				MTL_FAST_MATH = YES;
				SDKROOT = iphoneos;
				SWIFT_COMPILATION_MODE = wholemodule;
				SWIFT_OPTIMIZATION_LEVEL = "-O";
				VALIDATE_PRODUCT = YES;
			};
			name = Release;
		};
		89FB5044237F2C7A007A9C21 /* Debug */ = {
			isa = XCBuildConfiguration;
			buildSettings = {
				ASSETCATALOG_COMPILER_APPICON_NAME = AppIcon;
				CODE_SIGN_STYLE = Automatic;
				INFOPLIST_FILE = WasteReduction/Info.plist;
				LD_RUNPATH_SEARCH_PATHS = (
					"$(inherited)",
					"@executable_path/Frameworks",
				);
				PRODUCT_BUNDLE_IDENTIFIER = Junction2019.WasteReduction;
				PRODUCT_NAME = "$(TARGET_NAME)";
				SWIFT_VERSION = 5.0;
				TARGETED_DEVICE_FAMILY = "1,2";
			};
			name = Debug;
		};
		89FB5045237F2C7A007A9C21 /* Release */ = {
			isa = XCBuildConfiguration;
			buildSettings = {
				ASSETCATALOG_COMPILER_APPICON_NAME = AppIcon;
				CODE_SIGN_STYLE = Automatic;
				INFOPLIST_FILE = WasteReduction/Info.plist;
				LD_RUNPATH_SEARCH_PATHS = (
					"$(inherited)",
					"@executable_path/Frameworks",
				);
				PRODUCT_BUNDLE_IDENTIFIER = Junction2019.WasteReduction;
				PRODUCT_NAME = "$(TARGET_NAME)";
				SWIFT_VERSION = 5.0;
				TARGETED_DEVICE_FAMILY = "1,2";
			};
			name = Release;
		};
/* End XCBuildConfiguration section */

/* Begin XCConfigurationList section */
		89FB502A237F2C79007A9C21 /* Build configuration list for PBXProject "WasteReduction" */ = {
			isa = XCConfigurationList;
			buildConfigurations = (
				89FB5041237F2C7A007A9C21 /* Debug */,
				89FB5042237F2C7A007A9C21 /* Release */,
			);
			defaultConfigurationIsVisible = 0;
			defaultConfigurationName = Release;
		};
		89FB5043237F2C7A007A9C21 /* Build configuration list for PBXNativeTarget "WasteReduction" */ = {
			isa = XCConfigurationList;
			buildConfigurations = (
				89FB5044237F2C7A007A9C21 /* Debug */,
				89FB5045237F2C7A007A9C21 /* Release */,
			);
			defaultConfigurationIsVisible = 0;
			defaultConfigurationName = Release;
		};
/* End XCConfigurationList section */
	};
	rootObject = 89FB5027237F2C79007A9C21 /* Project object */;
}
